Microsoft Visual Studio Solution File, Format Version 12.00
# Visual Studio Version 17
VisualStudioVersion = 17.5.2.0
MinimumVisualStudioVersion = 10.0.40219.1
Project("{FAE04EC0-301F-11D3-BF4B-00C04F79EFBC}") = "TransferenciaBancariaMVC", "TransferenciaBancariaMVC.csproj", "{38141A01-4A2A-8833-1008-774D97CFC43D}"
EndProject
Global
	GlobalSection(SolutionConfigurationPlatforms) = preSolution
		Debug|Any CPU = Debug|Any CPU
		Release|Any CPU = Release|Any CPU
	EndGlobalSection
	GlobalSection(ProjectConfigurationPlatforms) = postSolution
		{38141A01-4A2A-8833-1008-774D97CFC43D}.Debug|Any CPU.ActiveCfg = Debug|Any CPU
		{38141A01-4A2A-8833-1008-774D97CFC43D}.Debug|Any CPU.Build.0 = Debug|Any CPU
		{38141A01-4A2A-8833-1008-774D97CFC43D}.Release|Any CPU.ActiveCfg = Release|Any CPU
		{38141A01-4A2A-8833-1008-774D97CFC43D}.Release|Any CPU.Build.0 = Release|Any CPU
	EndGlobalSection
	GlobalSection(SolutionProperties) = preSolution
		HideSolutionNode = FALSE
	EndGlobalSection
	GlobalSection(ExtensibilityGlobals) = postSolution
		SolutionGuid = {F14251E6-CDB7-42D9-8A1C-9A22B3E7EDF2}
	EndGlobalSection
EndGlobal
